{
  "version": 4,
  "terraform_version": "1.6.2",
  "serial": 20,
  "lineage": "85dc160d-3b60-7389-6bfe-c317915014e9",
  "outputs": {},
  "resources": [
    {
      "mode": "data",
      "type": "aws_region",
      "name": "current",
      "provider": "provider[\"registry.terraform.io/hashicorp/aws\"]",
      "instances": [
        {
          "schema_version": 0,
          "attributes": {
            "description": "US East (N. Virginia)",
            "endpoint": "ec2.us-east-1.amazonaws.com",
            "id": "us-east-1",
            "name": "us-east-1"
          },
          "sensitive_attributes": []
        }
      ]
    },
    {
      "mode": "managed",
      "type": "aws_instance",
      "name": "web-app",
      "provider": "provider[\"registry.terraform.io/hashicorp/aws\"]",
      "instances": [
        {
          "schema_version": 1,
          "attributes": {
            "ami": "ami-0fc5d935ebf8bc3bc",
            "arn": "arn:aws:ec2:us-east-1:640554820882:instance/i-03cfec61d60164ee9",
            "associate_public_ip_address": true,
            "availability_zone": "us-east-1a",
            "capacity_reservation_specification": [
              {
                "capacity_reservation_preference": "open",
                "capacity_reservation_target": []
              }
            ],
            "cpu_core_count": 1,
            "cpu_options": [
              {
                "amd_sev_snp": "",
                "core_count": 1,
                "threads_per_core": 2
              }
            ],
            "cpu_threads_per_core": 2,
            "credit_specification": [
              {
                "cpu_credits": "unlimited"
              }
            ],
            "disable_api_stop": false,
            "disable_api_termination": false,
            "ebs_block_device": [],
            "ebs_optimized": false,
            "enclave_options": [
              {
                "enabled": false
              }
            ],
            "ephemeral_block_device": [],
            "get_password_data": false,
            "hibernation": false,
            "host_id": "",
            "host_resource_group_arn": null,
            "iam_instance_profile": "",
            "id": "i-03cfec61d60164ee9",
            "instance_initiated_shutdown_behavior": "stop",
            "instance_lifecycle": "",
            "instance_market_options": [],
            "instance_state": "running",
            "instance_type": "t3.micro",
            "ipv6_address_count": 0,
            "ipv6_addresses": [],
            "key_name": "",
            "launch_template": [],
            "maintenance_options": [
              {
                "auto_recovery": "default"
              }
            ],
            "metadata_options": [
              {
                "http_endpoint": "enabled",
                "http_protocol_ipv6": "disabled",
                "http_put_response_hop_limit": 1,
                "http_tokens": "optional",
                "instance_metadata_tags": "disabled"
              }
            ],
            "monitoring": false,
            "network_interface": [],
            "outpost_arn": "",
            "password_data": "",
            "placement_group": "",
            "placement_partition_number": 0,
            "primary_network_interface_id": "eni-0b4265370b5577484",
            "private_dns": "ip-172-31-19-72.ec2.internal",
            "private_dns_name_options": [
              {
                "enable_resource_name_dns_a_record": false,
                "enable_resource_name_dns_aaaa_record": false,
                "hostname_type": "ip-name"
              }
            ],
            "private_ip": "172.31.19.72",
            "public_dns": "ec2-52-90-232-114.compute-1.amazonaws.com",
            "public_ip": "52.90.232.114",
            "root_block_device": [
              {
                "delete_on_termination": true,
                "device_name": "/dev/sda1",
                "encrypted": false,
                "iops": 100,
                "kms_key_id": "",
                "tags": {},
                "throughput": 0,
                "volume_id": "vol-03e132e3dba1e7b05",
                "volume_size": 8,
                "volume_type": "gp2"
              }
            ],
            "secondary_private_ips": [],
            "security_groups": [
              "default"
            ],
            "source_dest_check": true,
            "spot_instance_request_id": "",
            "subnet_id": "subnet-087e49c8b2902fac2",
            "tags": null,
            "tags_all": {},
            "tenancy": "default",
            "timeouts": null,
            "user_data": null,
            "user_data_base64": null,
            "user_data_replace_on_change": false,
            "volume_tags": null,
            "vpc_security_group_ids": [
              "sg-0e84e69173e454cb3"
            ]
          },
          "sensitive_attributes": [],
          "private": "eyJlMmJmYjczMC1lY2FhLTExZTYtOGY4OC0zNDM2M2JjN2M0YzAiOnsiY3JlYXRlIjo2MDAwMDAwMDAwMDAsImRlbGV0ZSI6MTIwMDAwMDAwMDAwMCwidXBkYXRlIjo2MDAwMDAwMDAwMDB9LCJzY2hlbWFfdmVyc2lvbiI6IjEifQ=="
        }
      ]
    },
    {
      "mode": "managed",
      "type": "aws_vpc",
      "name": "test",
      "provider": "provider[\"registry.terraform.io/hashicorp/aws\"]",
      "instances": [
        {
          "schema_version": 1,
          "attributes": {
            "arn": "arn:aws:ec2:us-east-1:640554820882:vpc/vpc-048d826ff4ba6bd86",
            "assign_generated_ipv6_cidr_block": false,
            "cidr_block": "10.0.0.0/28",
            "default_network_acl_id": "acl-0131dcb03b71ec056",
            "default_route_table_id": "rtb-0b699734ea39eb440",
            "default_security_group_id": "sg-00e87a3d528a11403",
            "dhcp_options_id": "dopt-086ae3de7b9760091",
            "enable_dns_hostnames": false,
            "enable_dns_support": true,
            "enable_network_address_usage_metrics": false,
            "id": "vpc-048d826ff4ba6bd86",
            "instance_tenancy": "default",
            "ipv4_ipam_pool_id": "ipam-pool-068160024308cf572",
            "ipv4_netmask_length": 28,
            "ipv6_association_id": "",
            "ipv6_cidr_block": "",
            "ipv6_cidr_block_network_border_group": "",
            "ipv6_ipam_pool_id": "",
            "ipv6_netmask_length": 0,
            "main_route_table_id": "rtb-0b699734ea39eb440",
            "owner_id": "640554820882",
            "tags": {
              "Name": "dev-kiosk-vpc"
            },
            "tags_all": {
              "Name": "dev-kiosk-vpc"
            }
          },
          "sensitive_attributes": [],
          "private": "eyJzY2hlbWFfdmVyc2lvbiI6IjEifQ==",
          "dependencies": [
            "aws_vpc_ipam.test",
            "aws_vpc_ipam_pool.test",
            "aws_vpc_ipam_pool_cidr.test",
            "data.aws_region.current"
          ]
        }
      ]
    },
    {
      "mode": "managed",
      "type": "aws_vpc_ipam",
      "name": "test",
      "provider": "provider[\"registry.terraform.io/hashicorp/aws\"]",
      "instances": [
        {
          "schema_version": 0,
          "attributes": {
            "arn": "arn:aws:ec2::640554820882:ipam/ipam-07438de9f6c2629ed",
            "cascade": null,
            "default_resource_discovery_association_id": "ipam-res-disco-assoc-0df3a482d868bf211",
            "default_resource_discovery_id": "ipam-res-disco-0bd98eb17556ed89f",
            "description": "",
            "id": "ipam-07438de9f6c2629ed",
            "operating_regions": [
              {
                "region_name": "us-east-1"
              }
            ],
            "private_default_scope_id": "ipam-scope-063e1594a6e063f2c",
            "public_default_scope_id": "ipam-scope-0e5501c15c190d5a4",
            "scope_count": 2,
            "tags": null,
            "tags_all": {},
            "timeouts": null
          },
          "sensitive_attributes": [],
          "private": "eyJlMmJmYjczMC1lY2FhLTExZTYtOGY4OC0zNDM2M2JjN2M0YzAiOnsiY3JlYXRlIjoxODAwMDAwMDAwMDAsImRlbGV0ZSI6MTgwMDAwMDAwMDAwLCJ1cGRhdGUiOjE4MDAwMDAwMDAwMH19",
          "dependencies": [
            "data.aws_region.current"
          ]
        }
      ]
    },
    {
      "mode": "managed",
      "type": "aws_vpc_ipam_pool",
      "name": "test",
      "provider": "provider[\"registry.terraform.io/hashicorp/aws\"]",
      "instances": [
        {
          "schema_version": 0,
          "attributes": {
            "address_family": "ipv4",
            "allocation_default_netmask_length": null,
            "allocation_max_netmask_length": null,
            "allocation_min_netmask_length": null,
            "allocation_resource_tags": null,
            "arn": "arn:aws:ec2::640554820882:ipam-pool/ipam-pool-068160024308cf572",
            "auto_import": false,
            "aws_service": "",
            "description": "",
            "id": "ipam-pool-068160024308cf572",
            "ipam_scope_id": "ipam-scope-063e1594a6e063f2c",
            "ipam_scope_type": "private",
            "locale": "us-east-1",
            "pool_depth": 1,
            "public_ip_source": "",
            "publicly_advertisable": false,
            "source_ipam_pool_id": "",
            "state": "create-complete",
            "tags": null,
            "tags_all": {},
            "timeouts": null
          },
          "sensitive_attributes": [],
          "private": "eyJlMmJmYjczMC1lY2FhLTExZTYtOGY4OC0zNDM2M2JjN2M0YzAiOnsiY3JlYXRlIjoxODAwMDAwMDAwMDAsImRlbGV0ZSI6MTgwMDAwMDAwMDAwLCJ1cGRhdGUiOjE4MDAwMDAwMDAwMH19",
          "dependencies": [
            "aws_vpc_ipam.test",
            "data.aws_region.current"
          ]
        }
      ]
    },
    {
      "mode": "managed",
      "type": "aws_vpc_ipam_pool_cidr",
      "name": "test",
      "provider": "provider[\"registry.terraform.io/hashicorp/aws\"]",
      "instances": [
        {
          "schema_version": 0,
          "attributes": {
            "cidr": "10.0.0.0/16",
            "cidr_authorization_context": [],
            "id": "10.0.0.0/16_ipam-pool-068160024308cf572",
            "ipam_pool_cidr_id": "ipam-pool-cidr-07cc270ad40b746999031e5ddbcfefc7b",
            "ipam_pool_id": "ipam-pool-068160024308cf572",
            "netmask_length": null,
            "timeouts": null
          },
          "sensitive_attributes": [],
          "private": "eyJlMmJmYjczMC1lY2FhLTExZTYtOGY4OC0zNDM2M2JjN2M0YzAiOnsiY3JlYXRlIjo2MDAwMDAwMDAwMDAsImRlbGV0ZSI6MTkyMDAwMDAwMDAwMH19",
          "dependencies": [
            "aws_vpc_ipam.test",
            "aws_vpc_ipam_pool.test",
            "data.aws_region.current"
          ]
        }
      ]
    }
  ],
  "check_results": null
}
