{
  "version": 4,
  "terraform_version": "1.5.7",
  "serial": 24,
  "lineage": "8401bdd5-bfaf-3730-85c0-fc5120a7bc8a",
  "outputs": {
    "vpc-id": {
      "value": "vpc-076acecd0a18ad2e7",
      "type": "string"
    }
  },
  "resources": [
    {
      "mode": "managed",
      "type": "aws_vpc",
      "name": "test-vpc",
      "provider": "provider[\"registry.terraform.io/hashicorp/aws\"]",
      "instances": [
        {
          "schema_version": 1,
          "attributes": {
            "arn": "arn:aws:ec2:us-east-1:640554820882:vpc/vpc-076acecd0a18ad2e7",
            "assign_generated_ipv6_cidr_block": false,
            "cidr_block": "192.168.24.0/24",
            "default_network_acl_id": "acl-00529067da7fce6b1",
            "default_route_table_id": "rtb-0eb1b45a443f4a54b",
            "default_security_group_id": "sg-0bf135460378c1d91",
            "dhcp_options_id": "dopt-086ae3de7b9760091",
            "enable_dns_hostnames": false,
            "enable_dns_support": true,
            "enable_network_address_usage_metrics": false,
            "id": "vpc-076acecd0a18ad2e7",
            "instance_tenancy": "default",
            "ipv4_ipam_pool_id": null,
            "ipv4_netmask_length": null,
            "ipv6_association_id": "",
            "ipv6_cidr_block": "",
            "ipv6_cidr_block_network_border_group": "",
            "ipv6_ipam_pool_id": "",
            "ipv6_netmask_length": 0,
            "main_route_table_id": "rtb-0eb1b45a443f4a54b",
            "owner_id": "640554820882",
            "tags": {
              "Name": "testVPC"
            },
            "tags_all": {
              "Name": "testVPC"
            }
          },
          "sensitive_attributes": [],
          "private": "eyJzY2hlbWFfdmVyc2lvbiI6IjEifQ=="
        }
      ]
    }
  ],
  "check_results": null
}
